<?xml version="1.0" encoding="utf-8"?>
<Project ToolsVersion="4.0" xmlns="http://schemas.microsoft.com/developer/msbuild/2003">
  <ItemGroup>
    <Filter Include="Precompiled">
      <UniqueIdentifier>{b07bafa4-d21c-4674-8f50-96a0b05e15ec}</UniqueIdentifier>
    </Filter>
    <Filter Include="Player">
      <UniqueIdentifier>{df7755c6-5a62-4ea8-9f57-4d649cda0f7f}</UniqueIdentifier>
    </Filter>
    <Filter Include="Singletons">
      <UniqueIdentifier>{767d3b2c-04a0-4f42-ba40-aefa92b022cd}</UniqueIdentifier>
    </Filter>
    <Filter Include="Rendering">
      <UniqueIdentifier>{7ebdb8aa-d21b-43ed-9e0c-a4dffc5142d4}</UniqueIdentifier>
    </Filter>
    <Filter Include="Main">
      <UniqueIdentifier>{de6b2b36-8aa0-4ad6-acf4-02ca1f7747cd}</UniqueIdentifier>
    </Filter>
    <Filter Include="Obstacles">
      <UniqueIdentifier>{f513fe7e-ffe5-47a9-9926-5317de454032}</UniqueIdentifier>
    </Filter>
  </ItemGroup>
  <ItemGroup>
    <ClInclude Include="stdafx.h">
      <Filter>Precompiled</Filter>
    </ClInclude>
    <ClInclude Include="targetver.h">
      <Filter>Precompiled</Filter>
    </ClInclude>
    <ClInclude Include="resource.h">
      <Filter>Precompiled</Filter>
    </ClInclude>
    <ClInclude Include="Collider.h" />
    <ClInclude Include="Player.h">
      <Filter>Player</Filter>
    </ClInclude>
    <ClInclude Include="InputManager.h">
      <Filter>Singletons</Filter>
    </ClInclude>
    <ClInclude Include="Timer.h">
      <Filter>Singletons</Filter>
    </ClInclude>
    <ClInclude Include="Camera.h">
      <Filter>Rendering</Filter>
    </ClInclude>
    <ClInclude Include="Game.h">
      <Filter>Main</Filter>
    </ClInclude>
    <ClInclude Include="GameWorld.h">
      <Filter>Main</Filter>
    </ClInclude>
    <ClInclude Include="CollisionManager.h">
      <Filter>Singletons</Filter>
    </ClInclude>
    <ClInclude Include="LevelLoader.h" />
    <ClInclude Include="AudioManager.h" />
    <ClInclude Include="TerrainTile.h" />
    <ClInclude Include="JsonParser.h" />
    <ClInclude Include="Saw.h" />
  </ItemGroup>
  <ItemGroup>
    <ClCompile Include="stdafx.cpp">
      <Filter>Precompiled</Filter>
    </ClCompile>
    <ClCompile Include="Collider.cpp" />
    <ClCompile Include="Player.cpp">
      <Filter>Player</Filter>
    </ClCompile>
    <ClCompile Include="InputManager.cpp">
      <Filter>Singletons</Filter>
    </ClCompile>
    <ClCompile Include="Timer.cpp">
      <Filter>Singletons</Filter>
    </ClCompile>
    <ClCompile Include="Camera.cpp">
      <Filter>Rendering</Filter>
    </ClCompile>
    <ClCompile Include="Game.cpp">
      <Filter>Main</Filter>
    </ClCompile>
    <ClCompile Include="GameWorld.cpp">
      <Filter>Main</Filter>
    </ClCompile>
    <ClCompile Include="CollisionManager.cpp">
      <Filter>Singletons</Filter>
    </ClCompile>
    <ClCompile Include="Game.cpp" />
    <ClCompile Include="GameWorld.cpp" />
    <ClCompile Include="LevelLoader.cpp" />
    <ClCompile Include="AudioManager.cpp" />
    <ClCompile Include="JsonParser.cpp" />
    <ClCompile Include="Saw.cpp" />
  </ItemGroup>
</Project>