<?xml version="1.0" encoding="utf-8"?>
<Project ToolsVersion="4.0" xmlns="http://schemas.microsoft.com/developer/msbuild/2003">
  <ItemGroup>
    <Filter Include="Precompiled">
      <UniqueIdentifier>{b07bafa4-d21c-4674-8f50-96a0b05e15ec}</UniqueIdentifier>
    </Filter>
    <Filter Include="Player">
      <UniqueIdentifier>{df7755c6-5a62-4ea8-9f57-4d649cda0f7f}</UniqueIdentifier>
    </Filter>
    <Filter Include="Singletons">
      <UniqueIdentifier>{767d3b2c-04a0-4f42-ba40-aefa92b022cd}</UniqueIdentifier>
    </Filter>
    <Filter Include="Rendering">
      <UniqueIdentifier>{7ebdb8aa-d21b-43ed-9e0c-a4dffc5142d4}</UniqueIdentifier>
    </Filter>
    <Filter Include="Main">
      <UniqueIdentifier>{de6b2b36-8aa0-4ad6-acf4-02ca1f7747cd}</UniqueIdentifier>
    </Filter>
    <Filter Include="Obstacles">
      <UniqueIdentifier>{f513fe7e-ffe5-47a9-9926-5317de454032}</UniqueIdentifier>
    </Filter>
    <Filter Include="StateTypes">
      <UniqueIdentifier>{5ffb87cf-e6f6-499b-b7b7-a942ef3deb95}</UniqueIdentifier>
    </Filter>
    <Filter Include="UI Components">
      <UniqueIdentifier>{f4bb26d2-6980-428c-9bfc-adbfcc439483}</UniqueIdentifier>
    </Filter>
    <Filter Include="MenuBaseObjects">
      <UniqueIdentifier>{8d0b9c47-89f2-477a-b9f1-46f7bec28f8c}</UniqueIdentifier>
    </Filter>
    <Filter Include="StateTypes\BaseState">
      <UniqueIdentifier>{23d85c9b-db4e-42dc-8130-0ba516b41e0d}</UniqueIdentifier>
    </Filter>
    <Filter Include="StateTypes\MenuStates">
      <UniqueIdentifier>{90b49778-6ac3-44d1-b5c9-3462ba8df73c}</UniqueIdentifier>
    </Filter>
    <Filter Include="Utility">
      <UniqueIdentifier>{1c59107f-a9e1-447d-8976-2b6484727e41}</UniqueIdentifier>
    </Filter>
  </ItemGroup>
  <ItemGroup>
    <ClInclude Include="stdafx.h">
      <Filter>Precompiled</Filter>
    </ClInclude>
    <ClInclude Include="targetver.h">
      <Filter>Precompiled</Filter>
    </ClInclude>
    <ClInclude Include="resource.h">
      <Filter>Precompiled</Filter>
    </ClInclude>
    <ClInclude Include="Collider.h" />
    <ClInclude Include="Player.h">
      <Filter>Player</Filter>
    </ClInclude>
    <ClInclude Include="InputManager.h">
      <Filter>Singletons</Filter>
    </ClInclude>
    <ClInclude Include="Timer.h">
      <Filter>Singletons</Filter>
    </ClInclude>
    <ClInclude Include="Camera.h">
      <Filter>Rendering</Filter>
    </ClInclude>
    <ClInclude Include="Game.h">
      <Filter>Main</Filter>
    </ClInclude>
    <ClInclude Include="GameWorld.h">
      <Filter>Main</Filter>
    </ClInclude>
    <ClInclude Include="UIButton.h">
      <Filter>UI Components</Filter>
    </ClInclude>
    <ClInclude Include="UIElement.h">
      <Filter>UI Components</Filter>
    </ClInclude>
    <ClInclude Include="UIImage.h">
      <Filter>UI Components</Filter>
    </ClInclude>
    <ClInclude Include="MenuObject.h">
      <Filter>MenuBaseObjects</Filter>
    </ClInclude>
    <ClInclude Include="State.h">
      <Filter>StateTypes\BaseState</Filter>
    </ClInclude>
    <ClInclude Include="MainMenu.h">
      <Filter>StateTypes\MenuStates</Filter>
    </ClInclude>
    <ClInclude Include="OptionsMenu.h">
      <Filter>StateTypes\MenuStates</Filter>
    </ClInclude>
    <ClInclude Include="StateManager.h">
      <Filter>Singletons</Filter>
    </ClInclude>
    <ClInclude Include="Enums.h">
      <Filter>Utility</Filter>
    </ClInclude>
    <ClInclude Include="RenderCommand.h">
      <Filter>Rendering</Filter>
    </ClInclude>
    <ClInclude Include="CollisionManager.h">
      <Filter>Singletons</Filter>
    </ClInclude>
    <ClInclude Include="LevelLoader.h" />
    <ClInclude Include="TerrainTile.h" />
    <ClInclude Include="JsonParser.h" />
    <ClInclude Include="Saw.h" />
    <ClInclude Include="Level.h" />
    <ClInclude Include="LevelData.h" />
    <ClInclude Include="AnimationClip.h">
      <Filter>Rendering</Filter>
    </ClInclude>
    <ClInclude Include="XController.h" />
    <ClInclude Include="LinkString.h" />
    <ClInclude Include="UISlider.h">
      <Filter>UI Components</Filter>
    </ClInclude>
    <ClInclude Include="AudioManager.h">
      <Filter>Singletons</Filter>
    </ClInclude>
  </ItemGroup>
  <ItemGroup>
    <ClCompile Include="stdafx.cpp">
      <Filter>Precompiled</Filter>
    </ClCompile>
    <ClCompile Include="Collider.cpp" />
    <ClCompile Include="Player.cpp">
      <Filter>Player</Filter>
    </ClCompile>
    <ClCompile Include="InputManager.cpp">
      <Filter>Singletons</Filter>
    </ClCompile>
    <ClCompile Include="Timer.cpp">
      <Filter>Singletons</Filter>
    </ClCompile>
    <ClCompile Include="Camera.cpp">
      <Filter>Rendering</Filter>
    </ClCompile>
    <ClCompile Include="UIButton.cpp">
      <Filter>UI Components</Filter>
    </ClCompile>
    <ClCompile Include="UIElement.cpp">
      <Filter>UI Components</Filter>
    </ClCompile>
    <ClCompile Include="UIImage.cpp">
      <Filter>UI Components</Filter>
    </ClCompile>
    <ClCompile Include="MenuObject.cpp">
      <Filter>MenuBaseObjects</Filter>
    </ClCompile>
    <ClCompile Include="State.cpp">
      <Filter>StateTypes\BaseState</Filter>
    </ClCompile>
    <ClCompile Include="MainMenu.cpp">
      <Filter>StateTypes\MenuStates</Filter>
    </ClCompile>
    <ClCompile Include="OptionsMenu.cpp">
      <Filter>StateTypes\MenuStates</Filter>
    </ClCompile>
    <ClCompile Include="StateManager.cpp">
      <Filter>Singletons</Filter>
    </ClCompile>
    <ClCompile Include="RenderCommand.cpp">
      <Filter>Rendering</Filter>
    </ClCompile>
    <ClCompile Include="CollisionManager.cpp">
      <Filter>Singletons</Filter>
    </ClCompile>
    <ClCompile Include="Game.cpp" />
    <ClCompile Include="GameWorld.cpp" />
    <ClCompile Include="LevelLoader.cpp" />
    <ClCompile Include="JsonParser.cpp" />
    <ClCompile Include="Saw.cpp" />
    <ClCompile Include="GameWorld.cpp">
      <Filter>Main</Filter>
    </ClCompile>
    <ClCompile Include="Game.cpp">
      <Filter>Main</Filter>
    </ClCompile>
    <ClCompile Include="Level.cpp" />
    <ClCompile Include="LevelData.cpp" />
    <ClCompile Include="AnimationClip.cpp">
      <Filter>Rendering</Filter>
    </ClCompile>
    <ClCompile Include="XController.cpp" />
    <ClCompile Include="LinkString.cpp" />
    <ClCompile Include="UISlider.cpp">
      <Filter>UI Components</Filter>
    </ClCompile>
    <ClCompile Include="AudioManager.cpp">
      <Filter>Singletons</Filter>
    </ClCompile>
  </ItemGroup>
</Project>